<?xml version="1.0" encoding="utf-8"?>
<Project ToolsVersion="4.0" xmlns="http://schemas.microsoft.com/developer/msbuild/2003">
  <ItemGroup>
    <Filter Include="Fichiers sources">
      <UniqueIdentifier>{4FC737F1-C7A5-4376-A066-2A32D752A2FF}</UniqueIdentifier>
      <Extensions>cpp;c;cc;cxx;c++;cppm;ixx;def;odl;idl;hpj;bat;asm;asmx</Extensions>
    </Filter>
    <Filter Include="Fichiers d%27en-tête">
      <UniqueIdentifier>{93995380-89BD-4b04-88EB-625FBE52EBFB}</UniqueIdentifier>
      <Extensions>h;hh;hpp;hxx;h++;hm;inl;inc;ipp;xsd</Extensions>
    </Filter>
    <Filter Include="Fichiers de ressources">
      <UniqueIdentifier>{67DA6AB6-F800-4c08-8B7A-83BB121AAD01}</UniqueIdentifier>
      <Extensions>rc;ico;cur;bmp;dlg;rc2;rct;bin;rgs;gif;jpg;jpeg;jpe;resx;tiff;tif;png;wav;mfcribbon-ms</Extensions>
    </Filter>
    <Filter Include="Fichiers sources\GL">
      <UniqueIdentifier>{0f4526cf-d1e8-42f9-b9e7-ebe0cf1c2872}</UniqueIdentifier>
    </Filter>
    <Filter Include="Fichiers sources\ImGui">
      <UniqueIdentifier>{1017c61b-78aa-42c0-ad25-328c39418123}</UniqueIdentifier>
    </Filter>
    <Filter Include="Fichiers sources\PlatformFolders">
      <UniqueIdentifier>{2f9d9896-8bbe-4af2-84d0-ade4bd005c82}</UniqueIdentifier>
    </Filter>
    <Filter Include="External libraries">
      <UniqueIdentifier>{9c0ab4c4-b455-4d03-9593-515ef4f12111}</UniqueIdentifier>
    </Filter>
    <Filter Include="Fichiers sources\WinToast">
      <UniqueIdentifier>{94a3e3ba-2b58-480e-b27e-db4d5cde18ca}</UniqueIdentifier>
    </Filter>
  </ItemGroup>
  <ItemGroup>
    <ClCompile Include="OpenVR-Display-Devices.cpp">
      <Filter>Fichiers sources</Filter>
    </ClCompile>
    <ClCompile Include="configuration.cpp">
      <Filter>Fichiers sources</Filter>
    </ClCompile>
    <ClCompile Include="droid_sans_font.cpp">
      <Filter>Fichiers sources</Filter>
    </ClCompile>
    <ClCompile Include="user_interface.cpp">
      <Filter>Fichiers sources</Filter>
    </ClCompile>
    <ClCompile Include="notifications.cpp">
      <Filter>Fichiers sources</Filter>
    </ClCompile>
    <ClCompile Include="..\3rdparty\gl3w\src\gl3w.c">
      <Filter>Fichiers sources\GL</Filter>
    </ClCompile>
    <ClCompile Include="..\3rdparty\imgui\imgui_draw.cpp">
      <Filter>Fichiers sources\ImGui</Filter>
    </ClCompile>
    <ClCompile Include="..\3rdparty\imgui\imgui_tables.cpp">
      <Filter>Fichiers sources\ImGui</Filter>
    </ClCompile>
    <ClCompile Include="..\3rdparty\imgui\imgui_widgets.cpp">
      <Filter>Fichiers sources\ImGui</Filter>
    </ClCompile>
    <ClCompile Include="..\3rdparty\imgui\imgui.cpp">
      <Filter>Fichiers sources\ImGui</Filter>
    </ClCompile>
    <ClCompile Include="..\3rdparty\imgui\backends\imgui_impl_glfw.cpp">
      <Filter>Fichiers sources\ImGui</Filter>
    </ClCompile>
    <ClCompile Include="..\3rdparty\imgui\backends\imgui_impl_opengl3.cpp">
      <Filter>Fichiers sources\ImGui</Filter>
    </ClCompile>
    <ClCompile Include="..\3rdparty\PlatformFolders\sago\platform_folders.cpp">
      <Filter>Fichiers sources\PlatformFolders</Filter>
    </ClCompile>
    <ClCompile Include="..\3rdparty\WinToast\src\wintoastlib.cpp">
      <Filter>Fichiers sources\WinToast</Filter>
    </ClCompile>
    <ClCompile Include="BatteryChecker.cpp">
      <Filter>Fichiers sources</Filter>
    </ClCompile>
    <ClCompile Include="Webchaussette.cpp">
      <Filter>Fichiers sources</Filter>
    </ClCompile>
  </ItemGroup>
  <ItemGroup>
    <ClInclude Include="config.h">
      <Filter>Fichiers d%27en-tête</Filter>
    </ClInclude>
    <ClInclude Include="configuration.h">
      <Filter>Fichiers d%27en-tête</Filter>
    </ClInclude>
    <ClInclude Include="droid_sans_font.h">
      <Filter>Fichiers d%27en-tête</Filter>
    </ClInclude>
    <ClInclude Include="OpenVR-Display-Devices.h">
      <Filter>Fichiers d%27en-tête</Filter>
    </ClInclude>
    <ClInclude Include="notifications.h">
      <Filter>Fichiers d%27en-tête</Filter>
    </ClInclude>
    <ClInclude Include="user_interface.h">
      <Filter>Fichiers d%27en-tête</Filter>
    </ClInclude>
    <ClInclude Include="BatteryChecker.h">
      <Filter>Fichiers d%27en-tête</Filter>
    </ClInclude>
    <ClInclude Include="Webchaussette.h">
      <Filter>Fichiers d%27en-tête</Filter>
    </ClInclude>
  </ItemGroup>
  <ItemGroup>
    <CopyFileToFolders Include="..\3rdparty\openvr\bin\win64\openvr_api.dll">
      <Filter>External libraries</Filter>
    </CopyFileToFolders>
  </ItemGroup>
  <ItemGroup>
    <None Include="..\README.md" />
    <None Include="..\installer\installer.nsi" />
    <None Include="manifest.vrmanifest" />
    <None Include="vcpkg.json" />
    <None Include="..\.gitignore" />
    <None Include=".editorconfig" />
    <None Include="..\.github\workflows\msbuild-release.yml" />
  </ItemGroup>
</Project>